schema: '2.0'
stages:
  load_data:
    cmd: python src/stage_01_load_save.py --config=config/config.yaml
    deps:
    - path: config/config.yaml
      md5: 233c454814538a63f0d34d522b698c82
      size: 271
    - path: src/stage_01_load_save.py
      md5: 302ff51efd412c479fc5c503ab6980d3
      size: 1022
    - path: src/utils/all_utils.py
      md5: d07cf76d3d7bbce59993aebe2b625f3e
      size: 484
    outs:
    - path: artifacts/raw_local_dir/data.csv
      md5: 7d814a1bda02145efe703f4e1c01847a
      size: 91999
  split_data:
    cmd: python src/stage_02_split_data.py --config=config/config.yaml --params=params.yaml
    deps:
    - path: artifacts/raw_local_dir/data.csv
      md5: 7d814a1bda02145efe703f4e1c01847a
      size: 91999
    - path: config/config.yaml
      md5: 233c454814538a63f0d34d522b698c82
      size: 271
    - path: src/stage_02_split_data.py
      md5: d73005ebd0ae48b5d06604545e7a4a26
      size: 1669
    - path: src/utils/all_utils.py
      md5: d07cf76d3d7bbce59993aebe2b625f3e
      size: 484
    params:
      params.yaml:
        base.random_state: 42
        base.test_size: 0.3
    outs:
    - path: artifacts/split_data_dir/test.csv
      md5: 3a3eef9f920deae72cb9bcd7b91231f1
      size: 27688
    - path: artifacts/split_data_dir/train.csv
      md5: 5e5a3523f0fba3925dc577c3baf2c5cd
      size: 64457
